// !$*UTF8*$!
{
	archiveVersion = 1;
	classes = {
	};
	objectVersion = 56;
	objects = {

/* Begin PBXBuildFile section */
		9203392E29F7DB70009752D7 /* Niveau.swift in Sources */ = {isa = PBXBuildFile; fileRef = 9203392D29F7DB70009752D7 /* Niveau.swift */; };
		920D946E29F50F3700A09AD9 /* LearnIOApp.swift in Sources */ = {isa = PBXBuildFile; fileRef = 920D946D29F50F3700A09AD9 /* LearnIOApp.swift */; };
		920D947029F50F3700A09AD9 /* ContentView.swift in Sources */ = {isa = PBXBuildFile; fileRef = 920D946F29F50F3700A09AD9 /* ContentView.swift */; };
		920D947229F50F3900A09AD9 /* Assets.xcassets in Resources */ = {isa = PBXBuildFile; fileRef = 920D947129F50F3900A09AD9 /* Assets.xcassets */; };
		920D947529F50F3900A09AD9 /* Preview Assets.xcassets in Resources */ = {isa = PBXBuildFile; fileRef = 920D947429F50F3900A09AD9 /* Preview Assets.xcassets */; };
		920D947729F50F3900A09AD9 /* Persistence.swift in Sources */ = {isa = PBXBuildFile; fileRef = 920D947629F50F3900A09AD9 /* Persistence.swift */; };
		920D947A29F50F3900A09AD9 /* LearnIO.xcdatamodeld in Sources */ = {isa = PBXBuildFile; fileRef = 920D947829F50F3900A09AD9 /* LearnIO.xcdatamodeld */; };
		920D948429F50FBE00A09AD9 /* Liste.swift in Sources */ = {isa = PBXBuildFile; fileRef = 920D948329F50FBE00A09AD9 /* Liste.swift */; };
		920D948C29F514D000A09AD9 /* AfficherUneListeView.swift in Sources */ = {isa = PBXBuildFile; fileRef = 920D948B29F514D000A09AD9 /* AfficherUneListeView.swift */; };
		9231B7FC29F6A42600603E37 /* SplashScreenView.swift in Sources */ = {isa = PBXBuildFile; fileRef = 9231B7FB29F6A42600603E37 /* SplashScreenView.swift */; };
		9231B80029F6B11F00603E37 /* SentrainerView.swift in Sources */ = {isa = PBXBuildFile; fileRef = 9231B7FF29F6B11F00603E37 /* SentrainerView.swift */; };
		9254614129F517EA0069A04D /* CreerUneListeView.swift in Sources */ = {isa = PBXBuildFile; fileRef = 9254614029F517EA0069A04D /* CreerUneListeView.swift */; };
		9254614329F51BEE0069A04D /* Carte.swift in Sources */ = {isa = PBXBuildFile; fileRef = 9254614229F51BEE0069A04D /* Carte.swift */; };
		9254614729F5393B0069A04D /* ModifierUneCarteView.swift in Sources */ = {isa = PBXBuildFile; fileRef = 9254614629F5393B0069A04D /* ModifierUneCarteView.swift */; };
		9254614929F539EC0069A04D /* ModifierUneListeView.swift in Sources */ = {isa = PBXBuildFile; fileRef = 9254614829F539EC0069A04D /* ModifierUneListeView.swift */; };
		9259706529F592C700E84BDE /* CreerUneCarteView.swift in Sources */ = {isa = PBXBuildFile; fileRef = 9259706429F592C700E84BDE /* CreerUneCarteView.swift */; };
		9259706729F59A8200E84BDE /* Session.swift in Sources */ = {isa = PBXBuildFile; fileRef = 9259706629F59A8200E84BDE /* Session.swift */; };
		925F16EB29FEA90B00EF6A66 /* flipsound.mp3 in Resources */ = {isa = PBXBuildFile; fileRef = 925F16EA29FEA90B00EF6A66 /* flipsound.mp3 */; };
		9269D92B2A0920490061E0C9 /* KeyboardTools.swift in Sources */ = {isa = PBXBuildFile; fileRef = 9269D92A2A0920490061E0C9 /* KeyboardTools.swift */; };
		92D0CF7129F837A0001789ED /* Etat.swift in Sources */ = {isa = PBXBuildFile; fileRef = 92D0CF7029F837A0001789ED /* Etat.swift */; };
/* End PBXBuildFile section */

/* Begin PBXFileReference section */
		9203392D29F7DB70009752D7 /* Niveau.swift */ = {isa = PBXFileReference; lastKnownFileType = sourcecode.swift; path = Niveau.swift; sourceTree = "<group>"; };
		920D946A29F50F3700A09AD9 /* LearnIO.app */ = {isa = PBXFileReference; explicitFileType = wrapper.application; includeInIndex = 0; path = LearnIO.app; sourceTree = BUILT_PRODUCTS_DIR; };
		920D946D29F50F3700A09AD9 /* LearnIOApp.swift */ = {isa = PBXFileReference; lastKnownFileType = sourcecode.swift; path = LearnIOApp.swift; sourceTree = "<group>"; };
		920D946F29F50F3700A09AD9 /* ContentView.swift */ = {isa = PBXFileReference; lastKnownFileType = sourcecode.swift; path = ContentView.swift; sourceTree = "<group>"; };
		920D947129F50F3900A09AD9 /* Assets.xcassets */ = {isa = PBXFileReference; lastKnownFileType = folder.assetcatalog; path = Assets.xcassets; sourceTree = "<group>"; };
		920D947429F50F3900A09AD9 /* Preview Assets.xcassets */ = {isa = PBXFileReference; lastKnownFileType = folder.assetcatalog; path = "Preview Assets.xcassets"; sourceTree = "<group>"; };
		920D947629F50F3900A09AD9 /* Persistence.swift */ = {isa = PBXFileReference; lastKnownFileType = sourcecode.swift; path = Persistence.swift; sourceTree = "<group>"; };
		920D947929F50F3900A09AD9 /* LearnIO.xcdatamodel */ = {isa = PBXFileReference; lastKnownFileType = wrapper.xcdatamodel; path = LearnIO.xcdatamodel; sourceTree = "<group>"; };
		920D948329F50FBE00A09AD9 /* Liste.swift */ = {isa = PBXFileReference; lastKnownFileType = sourcecode.swift; path = Liste.swift; sourceTree = "<group>"; };
		920D948B29F514D000A09AD9 /* AfficherUneListeView.swift */ = {isa = PBXFileReference; lastKnownFileType = sourcecode.swift; path = AfficherUneListeView.swift; sourceTree = "<group>"; };
		9229AF1C2A079BAC0017C46A /* XCode.nosync */ = {isa = PBXFileReference; lastKnownFileType = folder; name = XCode.nosync; path = ..; sourceTree = "<group>"; };
		9229AF1D2A079C790017C46A /* MyLibrary */ = {isa = PBXFileReference; lastKnownFileType = wrapper; name = MyLibrary; path = ../MyLibrary; sourceTree = "<group>"; };
		9229AF1E2A079C8E0017C46A /* MyLibrary */ = {isa = PBXFileReference; lastKnownFileType = wrapper; name = MyLibrary; path = ../MyLibrary; sourceTree = "<group>"; };
		9231B7FB29F6A42600603E37 /* SplashScreenView.swift */ = {isa = PBXFileReference; lastKnownFileType = sourcecode.swift; path = SplashScreenView.swift; sourceTree = "<group>"; };
		9231B7FF29F6B11F00603E37 /* SentrainerView.swift */ = {isa = PBXFileReference; lastKnownFileType = sourcecode.swift; path = SentrainerView.swift; sourceTree = "<group>"; };
		9254614029F517EA0069A04D /* CreerUneListeView.swift */ = {isa = PBXFileReference; lastKnownFileType = sourcecode.swift; path = CreerUneListeView.swift; sourceTree = "<group>"; };
		9254614229F51BEE0069A04D /* Carte.swift */ = {isa = PBXFileReference; lastKnownFileType = sourcecode.swift; path = Carte.swift; sourceTree = "<group>"; };
		9254614629F5393B0069A04D /* ModifierUneCarteView.swift */ = {isa = PBXFileReference; lastKnownFileType = sourcecode.swift; path = ModifierUneCarteView.swift; sourceTree = "<group>"; };
		9254614829F539EC0069A04D /* ModifierUneListeView.swift */ = {isa = PBXFileReference; lastKnownFileType = sourcecode.swift; path = ModifierUneListeView.swift; sourceTree = "<group>"; };
		9259706429F592C700E84BDE /* CreerUneCarteView.swift */ = {isa = PBXFileReference; lastKnownFileType = sourcecode.swift; path = CreerUneCarteView.swift; sourceTree = "<group>"; };
		9259706629F59A8200E84BDE /* Session.swift */ = {isa = PBXFileReference; lastKnownFileType = sourcecode.swift; path = Session.swift; sourceTree = "<group>"; };
		925D88B62A079AA3006B6A6B /* MyLibrary */ = {isa = PBXFileReference; lastKnownFileType = wrapper; name = MyLibrary; path = ../MyLibrary; sourceTree = "<group>"; };
		925F16EA29FEA90B00EF6A66 /* flipsound.mp3 */ = {isa = PBXFileReference; lastKnownFileType = audio.mp3; path = flipsound.mp3; sourceTree = "<group>"; };
		9269D92A2A0920490061E0C9 /* KeyboardTools.swift */ = {isa = PBXFileReference; lastKnownFileType = sourcecode.swift; path = KeyboardTools.swift; sourceTree = "<group>"; };
		92D0CF7029F837A0001789ED /* Etat.swift */ = {isa = PBXFileReference; lastKnownFileType = sourcecode.swift; path = Etat.swift; sourceTree = "<group>"; };
/* End PBXFileReference section */

/* Begin PBXFrameworksBuildPhase section */
		920D946729F50F3700A09AD9 /* Frameworks */ = {
			isa = PBXFrameworksBuildPhase;
			buildActionMask = 2147483647;
			files = (
			);
			runOnlyForDeploymentPostprocessing = 0;
		};
/* End PBXFrameworksBuildPhase section */

/* Begin PBXGroup section */
		920D946129F50F3700A09AD9 = {
			isa = PBXGroup;
			children = (
				925D88B52A079AA3006B6A6B /* Packages */,
				920D946C29F50F3700A09AD9 /* LearnIO */,
				920D946B29F50F3700A09AD9 /* Products */,
			);
			sourceTree = "<group>";
		};
		920D946B29F50F3700A09AD9 /* Products */ = {
			isa = PBXGroup;
			children = (
				920D946A29F50F3700A09AD9 /* LearnIO.app */,
			);
			name = Products;
			sourceTree = "<group>";
		};
		920D946C29F50F3700A09AD9 /* LearnIO */ = {
			isa = PBXGroup;
			children = (
				9269D9272A091FA50061E0C9 /* Tools */,
				925F16EA29FEA90B00EF6A66 /* flipsound.mp3 */,
				9231B7FF29F6B11F00603E37 /* SentrainerView.swift */,
				9231B7FB29F6A42600603E37 /* SplashScreenView.swift */,
				9254614029F517EA0069A04D /* CreerUneListeView.swift */,
				9254614829F539EC0069A04D /* ModifierUneListeView.swift */,
				9254614629F5393B0069A04D /* ModifierUneCarteView.swift */,
				920D948B29F514D000A09AD9 /* AfficherUneListeView.swift */,
				9259706429F592C700E84BDE /* CreerUneCarteView.swift */,
				920D948129F50FA700A09AD9 /* Storage */,
				920D946D29F50F3700A09AD9 /* LearnIOApp.swift */,
				920D946F29F50F3700A09AD9 /* ContentView.swift */,
				920D947129F50F3900A09AD9 /* Assets.xcassets */,
				920D947329F50F3900A09AD9 /* Preview Content */,
			);
			path = LearnIO;
			sourceTree = "<group>";
		};
		920D947329F50F3900A09AD9 /* Preview Content */ = {
			isa = PBXGroup;
			children = (
				920D947429F50F3900A09AD9 /* Preview Assets.xcassets */,
			);
			path = "Preview Content";
			sourceTree = "<group>";
		};
		920D948129F50FA700A09AD9 /* Storage */ = {
			isa = PBXGroup;
			children = (
				920D947629F50F3900A09AD9 /* Persistence.swift */,
				920D947829F50F3900A09AD9 /* LearnIO.xcdatamodeld */,
				920D948229F50FAE00A09AD9 /* Model */,
			);
			path = Storage;
			sourceTree = "<group>";
		};
		920D948229F50FAE00A09AD9 /* Model */ = {
			isa = PBXGroup;
			children = (
				920D948329F50FBE00A09AD9 /* Liste.swift */,
				9254614229F51BEE0069A04D /* Carte.swift */,
				9259706629F59A8200E84BDE /* Session.swift */,
				9203392D29F7DB70009752D7 /* Niveau.swift */,
				92D0CF7029F837A0001789ED /* Etat.swift */,
			);
			path = Model;
			sourceTree = "<group>";
		};
		925D88B52A079AA3006B6A6B /* Packages */ = {
			isa = PBXGroup;
			children = (
				925D88B62A079AA3006B6A6B /* MyLibrary */,
				9229AF1C2A079BAC0017C46A /* XCode.nosync */,
				9229AF1D2A079C790017C46A /* MyLibrary */,
				9229AF1E2A079C8E0017C46A /* MyLibrary */,
			);
			name = Packages;
			sourceTree = "<group>";
		};
		9269D9272A091FA50061E0C9 /* Tools */ = {
			isa = PBXGroup;
			children = (
				9269D92A2A0920490061E0C9 /* KeyboardTools.swift */,
			);
			path = Tools;
			sourceTree = "<group>";
		};
/* End PBXGroup section */

/* Begin PBXNativeTarget section */
		920D946929F50F3700A09AD9 /* LearnIO */ = {
			isa = PBXNativeTarget;
			buildConfigurationList = 920D947D29F50F3900A09AD9 /* Build configuration list for PBXNativeTarget "LearnIO" */;
			buildPhases = (
				920D946629F50F3700A09AD9 /* Sources */,
				920D946729F50F3700A09AD9 /* Frameworks */,
				920D946829F50F3700A09AD9 /* Resources */,
			);
			buildRules = (
			);
			dependencies = (
			);
			name = LearnIO;
			packageProductDependencies = (
			);
			productName = LearnIO;
			productReference = 920D946A29F50F3700A09AD9 /* LearnIO.app */;
			productType = "com.apple.product-type.application";
		};
/* End PBXNativeTarget section */

/* Begin PBXProject section */
		920D946229F50F3700A09AD9 /* Project object */ = {
			isa = PBXProject;
			attributes = {
				BuildIndependentTargetsInParallel = 1;
				LastSwiftUpdateCheck = 1430;
				LastUpgradeCheck = 1430;
				TargetAttributes = {
					920D946929F50F3700A09AD9 = {
						CreatedOnToolsVersion = 14.3;
					};
				};
			};
			buildConfigurationList = 920D946529F50F3700A09AD9 /* Build configuration list for PBXProject "LearnIO" */;
			compatibilityVersion = "Xcode 14.0";
			developmentRegion = fr;
			hasScannedForEncodings = 0;
			knownRegions = (
				Base,
				fr,
			);
			mainGroup = 920D946129F50F3700A09AD9;
			packageReferences = (
			);
			productRefGroup = 920D946B29F50F3700A09AD9 /* Products */;
			projectDirPath = "";
			projectRoot = "";
			targets = (
				920D946929F50F3700A09AD9 /* LearnIO */,
			);
		};
/* End PBXProject section */

/* Begin PBXResourcesBuildPhase section */
		920D946829F50F3700A09AD9 /* Resources */ = {
			isa = PBXResourcesBuildPhase;
			buildActionMask = 2147483647;
			files = (
				920D947529F50F3900A09AD9 /* Preview Assets.xcassets in Resources */,
				925F16EB29FEA90B00EF6A66 /* flipsound.mp3 in Resources */,
				920D947229F50F3900A09AD9 /* Assets.xcassets in Resources */,
			);
			runOnlyForDeploymentPostprocessing = 0;
		};
/* End PBXResourcesBuildPhase section */

/* Begin PBXSourcesBuildPhase section */
		920D946629F50F3700A09AD9 /* Sources */ = {
			isa = PBXSourcesBuildPhase;
			buildActionMask = 2147483647;
			files = (
				9254614929F539EC0069A04D /* ModifierUneListeView.swift in Sources */,
				9203392E29F7DB70009752D7 /* Niveau.swift in Sources */,
				9231B7FC29F6A42600603E37 /* SplashScreenView.swift in Sources */,
				92D0CF7129F837A0001789ED /* Etat.swift in Sources */,
				9269D92B2A0920490061E0C9 /* KeyboardTools.swift in Sources */,
				920D947729F50F3900A09AD9 /* Persistence.swift in Sources */,
				9254614729F5393B0069A04D /* ModifierUneCarteView.swift in Sources */,
				920D947029F50F3700A09AD9 /* ContentView.swift in Sources */,
				920D948429F50FBE00A09AD9 /* Liste.swift in Sources */,
				920D948C29F514D000A09AD9 /* AfficherUneListeView.swift in Sources */,
				920D947A29F50F3900A09AD9 /* LearnIO.xcdatamodeld in Sources */,
				9254614329F51BEE0069A04D /* Carte.swift in Sources */,
				9231B80029F6B11F00603E37 /* SentrainerView.swift in Sources */,
				9259706729F59A8200E84BDE /* Session.swift in Sources */,
				9259706529F592C700E84BDE /* CreerUneCarteView.swift in Sources */,
				920D946E29F50F3700A09AD9 /* LearnIOApp.swift in Sources */,
				9254614129F517EA0069A04D /* CreerUneListeView.swift in Sources */,
			);
			runOnlyForDeploymentPostprocessing = 0;
		};
/* End PBXSourcesBuildPhase section */

/* Begin XCBuildConfiguration section */
		920D947B29F50F3900A09AD9 /* Debug */ = {
			isa = XCBuildConfiguration;
			buildSettings = {
				ALWAYS_SEARCH_USER_PATHS = NO;
				CLANG_ANALYZER_NONNULL = YES;
				CLANG_ANALYZER_NUMBER_OBJECT_CONVERSION = YES_AGGRESSIVE;
				CLANG_CXX_LANGUAGE_STANDARD = "gnu++20";
				CLANG_ENABLE_MODULES = YES;
				CLANG_ENABLE_OBJC_ARC = YES;
				CLANG_ENABLE_OBJC_WEAK = YES;
				CLANG_WARN_BLOCK_CAPTURE_AUTORELEASING = YES;
				CLANG_WARN_BOOL_CONVERSION = YES;
				CLANG_WARN_COMMA = YES;
				CLANG_WARN_CONSTANT_CONVERSION = YES;
				CLANG_WARN_DEPRECATED_OBJC_IMPLEMENTATIONS = YES;
				CLANG_WARN_DIRECT_OBJC_ISA_USAGE = YES_ERROR;
				CLANG_WARN_DOCUMENTATION_COMMENTS = YES;
				CLANG_WARN_EMPTY_BODY = YES;
				CLANG_WARN_ENUM_CONVERSION = YES;
				CLANG_WARN_INFINITE_RECURSION = YES;
				CLANG_WARN_INT_CONVERSION = YES;
				CLANG_WARN_NON_LITERAL_NULL_CONVERSION = YES;
				CLANG_WARN_OBJC_IMPLICIT_RETAIN_SELF = YES;
				CLANG_WARN_OBJC_LITERAL_CONVERSION = YES;
				CLANG_WARN_OBJC_ROOT_CLASS = YES_ERROR;
				CLANG_WARN_QUOTED_INCLUDE_IN_FRAMEWORK_HEADER = YES;
				CLANG_WARN_RANGE_LOOP_ANALYSIS = YES;
				CLANG_WARN_STRICT_PROTOTYPES = YES;
				CLANG_WARN_SUSPICIOUS_MOVE = YES;
				CLANG_WARN_UNGUARDED_AVAILABILITY = YES_AGGRESSIVE;
				CLANG_WARN_UNREACHABLE_CODE = YES;
				CLANG_WARN__DUPLICATE_METHOD_MATCH = YES;
				COPY_PHASE_STRIP = NO;
				DEBUG_INFORMATION_FORMAT = dwarf;
				ENABLE_STRICT_OBJC_MSGSEND = YES;
				ENABLE_TESTABILITY = YES;
				GCC_C_LANGUAGE_STANDARD = gnu11;
				GCC_DYNAMIC_NO_PIC = NO;
				GCC_NO_COMMON_BLOCKS = YES;
				GCC_OPTIMIZATION_LEVEL = 0;
				GCC_PREPROCESSOR_DEFINITIONS = (
					"DEBUG=1",
					"$(inherited)",
				);
				GCC_WARN_64_TO_32_BIT_CONVERSION = YES;
				GCC_WARN_ABOUT_RETURN_TYPE = YES_ERROR;
				GCC_WARN_UNDECLARED_SELECTOR = YES;
				GCC_WARN_UNINITIALIZED_AUTOS = YES_AGGRESSIVE;
				GCC_WARN_UNUSED_FUNCTION = YES;
				GCC_WARN_UNUSED_VARIABLE = YES;
				IPHONEOS_DEPLOYMENT_TARGET = 16.4;
				MTL_ENABLE_DEBUG_INFO = INCLUDE_SOURCE;
				MTL_FAST_MATH = YES;
				ONLY_ACTIVE_ARCH = YES;
				SDKROOT = iphoneos;
				SWIFT_ACTIVE_COMPILATION_CONDITIONS = DEBUG;
				SWIFT_OPTIMIZATION_LEVEL = "-Onone";
			};
			name = Debug;
		};
		920D947C29F50F3900A09AD9 /* Release */ = {
			isa = XCBuildConfiguration;
			buildSettings = {
				ALWAYS_SEARCH_USER_PATHS = NO;
				CLANG_ANALYZER_NONNULL = YES;
				CLANG_ANALYZER_NUMBER_OBJECT_CONVERSION = YES_AGGRESSIVE;
				CLANG_CXX_LANGUAGE_STANDARD = "gnu++20";
				CLANG_ENABLE_MODULES = YES;
				CLANG_ENABLE_OBJC_ARC = YES;
				CLANG_ENABLE_OBJC_WEAK = YES;
				CLANG_WARN_BLOCK_CAPTURE_AUTORELEASING = YES;
				CLANG_WARN_BOOL_CONVERSION = YES;
				CLANG_WARN_COMMA = YES;
				CLANG_WARN_CONSTANT_CONVERSION = YES;
				CLANG_WARN_DEPRECATED_OBJC_IMPLEMENTATIONS = YES;
				CLANG_WARN_DIRECT_OBJC_ISA_USAGE = YES_ERROR;
				CLANG_WARN_DOCUMENTATION_COMMENTS = YES;
				CLANG_WARN_EMPTY_BODY = YES;
				CLANG_WARN_ENUM_CONVERSION = YES;
				CLANG_WARN_INFINITE_RECURSION = YES;
				CLANG_WARN_INT_CONVERSION = YES;
				CLANG_WARN_NON_LITERAL_NULL_CONVERSION = YES;
				CLANG_WARN_OBJC_IMPLICIT_RETAIN_SELF = YES;
				CLANG_WARN_OBJC_LITERAL_CONVERSION = YES;
				CLANG_WARN_OBJC_ROOT_CLASS = YES_ERROR;
				CLANG_WARN_QUOTED_INCLUDE_IN_FRAMEWORK_HEADER = YES;
				CLANG_WARN_RANGE_LOOP_ANALYSIS = YES;
				CLANG_WARN_STRICT_PROTOTYPES = YES;
				CLANG_WARN_SUSPICIOUS_MOVE = YES;
				CLANG_WARN_UNGUARDED_AVAILABILITY = YES_AGGRESSIVE;
				CLANG_WARN_UNREACHABLE_CODE = YES;
				CLANG_WARN__DUPLICATE_METHOD_MATCH = YES;
				COPY_PHASE_STRIP = NO;
				DEBUG_INFORMATION_FORMAT = "dwarf-with-dsym";
				ENABLE_NS_ASSERTIONS = NO;
				ENABLE_STRICT_OBJC_MSGSEND = YES;
				GCC_C_LANGUAGE_STANDARD = gnu11;
				GCC_NO_COMMON_BLOCKS = YES;
				GCC_WARN_64_TO_32_BIT_CONVERSION = YES;
				GCC_WARN_ABOUT_RETURN_TYPE = YES_ERROR;
				GCC_WARN_UNDECLARED_SELECTOR = YES;
				GCC_WARN_UNINITIALIZED_AUTOS = YES_AGGRESSIVE;
				GCC_WARN_UNUSED_FUNCTION = YES;
				GCC_WARN_UNUSED_VARIABLE = YES;
				IPHONEOS_DEPLOYMENT_TARGET = 16.4;
				MTL_ENABLE_DEBUG_INFO = NO;
				MTL_FAST_MATH = YES;
				SDKROOT = iphoneos;
				SWIFT_COMPILATION_MODE = wholemodule;
				SWIFT_OPTIMIZATION_LEVEL = "-O";
				VALIDATE_PRODUCT = YES;
			};
			name = Release;
		};
		920D947E29F50F3900A09AD9 /* Debug */ = {
			isa = XCBuildConfiguration;
			buildSettings = {
				ASSETCATALOG_COMPILER_APPICON_NAME = AppIcon;
				ASSETCATALOG_COMPILER_GLOBAL_ACCENT_COLOR_NAME = AccentColor;
				CODE_SIGN_STYLE = Automatic;
				CURRENT_PROJECT_VERSION = 1;
				DEVELOPMENT_ASSET_PATHS = "\"LearnIO/Preview Content\"";
				DEVELOPMENT_TEAM = 35AANAQ9DL;
				ENABLE_PREVIEWS = YES;
				GENERATE_INFOPLIST_FILE = YES;
				INFOPLIST_KEY_CFBundleDisplayName = LearnIO;
				INFOPLIST_KEY_LSApplicationCategoryType = "public.app-category.education";
				INFOPLIST_KEY_UIApplicationSceneManifest_Generation = YES;
				INFOPLIST_KEY_UIApplicationSupportsIndirectInputEvents = YES;
				INFOPLIST_KEY_UILaunchScreen_Generation = YES;
				INFOPLIST_KEY_UISupportedInterfaceOrientations = "UIInterfaceOrientationLandscapeLeft UIInterfaceOrientationLandscapeRight UIInterfaceOrientationPortrait";
				INFOPLIST_KEY_UISupportedInterfaceOrientations_iPad = "UIInterfaceOrientationLandscapeLeft UIInterfaceOrientationLandscapeRight UIInterfaceOrientationPortrait UIInterfaceOrientationPortraitUpsideDown";
				LD_RUNPATH_SEARCH_PATHS = (
					"$(inherited)",
					"@executable_path/Frameworks",
				);
				MARKETING_VERSION = 1.0;
				PRODUCT_BUNDLE_IDENTIFIER = gwentey.LearnIO;
				PRODUCT_NAME = "$(TARGET_NAME)";
				SWIFT_EMIT_LOC_STRINGS = YES;
				SWIFT_VERSION = 5.0;
				TARGETED_DEVICE_FAMILY = "1,2";
			};
			name = Debug;
		};
		920D947F29F50F3900A09AD9 /* Release */ = {
			isa = XCBuildConfiguration;
			buildSettings = {
				ASSETCATALOG_COMPILER_APPICON_NAME = AppIcon;
				ASSETCATALOG_COMPILER_GLOBAL_ACCENT_COLOR_NAME = AccentColor;
				CODE_SIGN_STYLE = Automatic;
				CURRENT_PROJECT_VERSION = 1;
				DEVELOPMENT_ASSET_PATHS = "\"LearnIO/Preview Content\"";
				DEVELOPMENT_TEAM = 35AANAQ9DL;
				ENABLE_PREVIEWS = YES;
				GENERATE_INFOPLIST_FILE = YES;
				INFOPLIST_KEY_CFBundleDisplayName = LearnIO;
				INFOPLIST_KEY_LSApplicationCategoryType = "public.app-category.education";
				INFOPLIST_KEY_UIApplicationSceneManifest_Generation = YES;
				INFOPLIST_KEY_UIApplicationSupportsIndirectInputEvents = YES;
				INFOPLIST_KEY_UILaunchScreen_Generation = YES;
				INFOPLIST_KEY_UISupportedInterfaceOrientations = "UIInterfaceOrientationLandscapeLeft UIInterfaceOrientationLandscapeRight UIInterfaceOrientationPortrait";
				INFOPLIST_KEY_UISupportedInterfaceOrientations_iPad = "UIInterfaceOrientationLandscapeLeft UIInterfaceOrientationLandscapeRight UIInterfaceOrientationPortrait UIInterfaceOrientationPortraitUpsideDown";
				LD_RUNPATH_SEARCH_PATHS = (
					"$(inherited)",
					"@executable_path/Frameworks",
				);
				MARKETING_VERSION = 1.0;
				PRODUCT_BUNDLE_IDENTIFIER = gwentey.LearnIO;
				PRODUCT_NAME = "$(TARGET_NAME)";
				SWIFT_EMIT_LOC_STRINGS = YES;
				SWIFT_VERSION = 5.0;
				TARGETED_DEVICE_FAMILY = "1,2";
			};
			name = Release;
		};
/* End XCBuildConfiguration section */

/* Begin XCConfigurationList section */
		920D946529F50F3700A09AD9 /* Build configuration list for PBXProject "LearnIO" */ = {
			isa = XCConfigurationList;
			buildConfigurations = (
				920D947B29F50F3900A09AD9 /* Debug */,
				920D947C29F50F3900A09AD9 /* Release */,
			);
			defaultConfigurationIsVisible = 0;
			defaultConfigurationName = Release;
		};
		920D947D29F50F3900A09AD9 /* Build configuration list for PBXNativeTarget "LearnIO" */ = {
			isa = XCConfigurationList;
			buildConfigurations = (
				920D947E29F50F3900A09AD9 /* Debug */,
				920D947F29F50F3900A09AD9 /* Release */,
			);
			defaultConfigurationIsVisible = 0;
			defaultConfigurationName = Release;
		};
/* End XCConfigurationList section */

/* Begin XCVersionGroup section */
		920D947829F50F3900A09AD9 /* LearnIO.xcdatamodeld */ = {
			isa = XCVersionGroup;
			children = (
				920D947929F50F3900A09AD9 /* LearnIO.xcdatamodel */,
			);
			currentVersion = 920D947929F50F3900A09AD9 /* LearnIO.xcdatamodel */;
			path = LearnIO.xcdatamodeld;
			sourceTree = "<group>";
			versionGroupType = wrapper.xcdatamodel;
		};
/* End XCVersionGroup section */
	};
	rootObject = 920D946229F50F3700A09AD9 /* Project object */;
}
